
Microsoft Visual Studio Solution File, Format Version 12.00
# Visual Studio 15
VisualStudioVersion = 15.0.27703.2047
MinimumVisualStudioVersion = 10.0.40219.1
Project("{FAE04EC0-301F-11D3-BF4B-00C04F79EFBC}") = "BC_AI", "BC_AI\BC_AI.csproj", "{F6475DD8-B651-4277-B950-E31F390F663D}"
EndProject
Global
	GlobalSection(SolutionConfigurationPlatforms) = preSolution
		Debug|Any CPU = Debug|Any CPU
		Release|Any CPU = Release|Any CPU
	EndGlobalSection
	GlobalSection(ProjectConfigurationPlatforms) = postSolution
		{F6475DD8-B651-4277-B950-E31F390F663D}.Debug|Any CPU.ActiveCfg = Debug|Any CPU
		{F6475DD8-B651-4277-B950-E31F390F663D}.Debug|Any CPU.Build.0 = Debug|Any CPU
		{F6475DD8-B651-4277-B950-E31F390F663D}.Release|Any CPU.ActiveCfg = Release|Any CPU
		{F6475DD8-B651-4277-B950-E31F390F663D}.Release|Any CPU.Build.0 = Release|Any CPU
	EndGlobalSection
	GlobalSection(SolutionProperties) = preSolution
		HideSolutionNode = FALSE
	EndGlobalSection
	GlobalSection(ExtensibilityGlobals) = postSolution
		SolutionGuid = {F39B7939-45A2-439A-B091-D8335E0E00D8}
	EndGlobalSection
EndGlobal
